
Microsoft Visual Studio Solution File, Format Version 12.00
# Visual Studio 2012
Project("{FAE04EC0-301F-11D3-BF4B-00C04F79EFBC}") = "WindowsFormsApplication1", "WindowsFormsApplication1\WindowsFormsApplication1.csproj", "{5041EAA1-77FB-4E6F-B402-37CC02FCE781}"
EndProject
Global
	GlobalSection(SolutionConfigurationPlatforms) = preSolution
		Debug|Any CPU = Debug|Any CPU
		Release|Any CPU = Release|Any CPU
	EndGlobalSection
	GlobalSection(ProjectConfigurationPlatforms) = postSolution
		{5041EAA1-77FB-4E6F-B402-37CC02FCE781}.Debug|Any CPU.ActiveCfg = Debug|Any CPU
		{5041EAA1-77FB-4E6F-B402-37CC02FCE781}.Debug|Any CPU.Build.0 = Debug|Any CPU
		{5041EAA1-77FB-4E6F-B402-37CC02FCE781}.Release|Any CPU.ActiveCfg = Release|Any CPU
		{5041EAA1-77FB-4E6F-B402-37CC02FCE781}.Release|Any CPU.Build.0 = Release|Any CPU
	EndGlobalSection
	GlobalSection(SolutionProperties) = preSolution
		HideSolutionNode = FALSE
	EndGlobalSection
EndGlobal
